
Microsoft Visual Studio Solution File, Format Version 12.00
# Visual Studio Version 17
VisualStudioVersion = 17.1.32319.34
MinimumVisualStudioVersion = 10.0.40219.1
Project("{FAE04EC0-301F-11D3-BF4B-00C04F79EFBC}") = "WebCore4", "WebCore4\WebCore4.csproj", "{7352EEE0-4C20-4C45-A93F-9DF2A803EA90}"
EndProject
Global
	GlobalSection(SolutionConfigurationPlatforms) = preSolution
		Debug|Any CPU = Debug|Any CPU
		Release|Any CPU = Release|Any CPU
	EndGlobalSection
	GlobalSection(ProjectConfigurationPlatforms) = postSolution
		{7352EEE0-4C20-4C45-A93F-9DF2A803EA90}.Debug|Any CPU.ActiveCfg = Debug|Any CPU
		{7352EEE0-4C20-4C45-A93F-9DF2A803EA90}.Debug|Any CPU.Build.0 = Debug|Any CPU
		{7352EEE0-4C20-4C45-A93F-9DF2A803EA90}.Release|Any CPU.ActiveCfg = Release|Any CPU
		{7352EEE0-4C20-4C45-A93F-9DF2A803EA90}.Release|Any CPU.Build.0 = Release|Any CPU
	EndGlobalSection
	GlobalSection(SolutionProperties) = preSolution
		HideSolutionNode = FALSE
	EndGlobalSection
	GlobalSection(ExtensibilityGlobals) = postSolution
		SolutionGuid = {DF9529D8-D10F-4695-B0DB-D3E2182F4BFE}
	EndGlobalSection
EndGlobal
