
Microsoft Visual Studio Solution File, Format Version 12.00
# Visual Studio Version 17
VisualStudioVersion = 17.1.32319.34
MinimumVisualStudioVersion = 10.0.40219.1
Project("{9A19103F-16F7-4668-BE54-9A1E7A4F7556}") = "UnitTest_Mock", "UnitTest_Mock\UnitTest_Mock.csproj", "{611D8DEC-B55A-47DB-98E7-2B88ABBC2A62}"
EndProject
Project("{FAE04EC0-301F-11D3-BF4B-00C04F79EFBC}") = "UnitTesting", "UnitTesting\UnitTesting.csproj", "{294DB345-7DAA-4C63-B648-36E0F47ED6F7}"
EndProject
Global
	GlobalSection(SolutionConfigurationPlatforms) = preSolution
		Debug|Any CPU = Debug|Any CPU
		Release|Any CPU = Release|Any CPU
	EndGlobalSection
	GlobalSection(ProjectConfigurationPlatforms) = postSolution
		{611D8DEC-B55A-47DB-98E7-2B88ABBC2A62}.Debug|Any CPU.ActiveCfg = Debug|Any CPU
		{611D8DEC-B55A-47DB-98E7-2B88ABBC2A62}.Debug|Any CPU.Build.0 = Debug|Any CPU
		{611D8DEC-B55A-47DB-98E7-2B88ABBC2A62}.Release|Any CPU.ActiveCfg = Release|Any CPU
		{611D8DEC-B55A-47DB-98E7-2B88ABBC2A62}.Release|Any CPU.Build.0 = Release|Any CPU
		{294DB345-7DAA-4C63-B648-36E0F47ED6F7}.Debug|Any CPU.ActiveCfg = Debug|Any CPU
		{294DB345-7DAA-4C63-B648-36E0F47ED6F7}.Debug|Any CPU.Build.0 = Debug|Any CPU
		{294DB345-7DAA-4C63-B648-36E0F47ED6F7}.Release|Any CPU.ActiveCfg = Release|Any CPU
		{294DB345-7DAA-4C63-B648-36E0F47ED6F7}.Release|Any CPU.Build.0 = Release|Any CPU
	EndGlobalSection
	GlobalSection(SolutionProperties) = preSolution
		HideSolutionNode = FALSE
	EndGlobalSection
	GlobalSection(ExtensibilityGlobals) = postSolution
		SolutionGuid = {CDEF89FA-DC2B-4F3F-AB76-9317B8DAD7F0}
	EndGlobalSection
EndGlobal
