
Microsoft Visual Studio Solution File, Format Version 12.00
# Visual Studio Version 17
VisualStudioVersion = 17.1.32319.34
MinimumVisualStudioVersion = 10.0.40219.1
Project("{FAE04EC0-301F-11D3-BF4B-00C04F79EFBC}") = "UnitTest_Mock", "UnitTest_Mock\UnitTest_Mock.csproj", "{0C59CC88-9E12-489B-A89C-42C21D3CBA0D}"
EndProject
Global
	GlobalSection(SolutionConfigurationPlatforms) = preSolution
		Debug|Any CPU = Debug|Any CPU
		Release|Any CPU = Release|Any CPU
	EndGlobalSection
	GlobalSection(ProjectConfigurationPlatforms) = postSolution
		{0C59CC88-9E12-489B-A89C-42C21D3CBA0D}.Debug|Any CPU.ActiveCfg = Debug|Any CPU
		{0C59CC88-9E12-489B-A89C-42C21D3CBA0D}.Debug|Any CPU.Build.0 = Debug|Any CPU
		{0C59CC88-9E12-489B-A89C-42C21D3CBA0D}.Release|Any CPU.ActiveCfg = Release|Any CPU
		{0C59CC88-9E12-489B-A89C-42C21D3CBA0D}.Release|Any CPU.Build.0 = Release|Any CPU
	EndGlobalSection
	GlobalSection(SolutionProperties) = preSolution
		HideSolutionNode = FALSE
	EndGlobalSection
	GlobalSection(ExtensibilityGlobals) = postSolution
		SolutionGuid = {25E3F798-72CB-422D-8F3B-3966D46893C0}
	EndGlobalSection
EndGlobal
